<?xml version="1.0" encoding="utf-8"?>
<Project ToolsVersion="4.0" xmlns="http://schemas.microsoft.com/developer/msbuild/2003">
  <ItemGroup>
    <Filter Include="Code Files">
      <UniqueIdentifier>{8d10f845-b69b-452b-9279-80d53b1d3180}</UniqueIdentifier>
    </Filter>
  </ItemGroup>
  <ItemGroup>
    <ClCompile Include="main.cpp">
      <Filter>Code Files</Filter>
    </ClCompile>
    <ClCompile Include="kernel.cpp">
      <Filter>Code Files</Filter>
    </ClCompile>
  </ItemGroup>
  <ItemGroup>
    <CudaCompile Include="kernel.cu">
      <Filter>Code Files</Filter>
    </CudaCompile>
  </ItemGroup>
  <ItemGroup>
    <ClInclude Include="kernel.h">
      <Filter>Code Files</Filter>
    </ClInclude>
  </ItemGroup>
</Project>